
Microsoft Visual Studio Solution File, Format Version 12.00
# Visual Studio Version 17
VisualStudioVersion = 17.14.36915.13 d17.14
MinimumVisualStudioVersion = 10.0.40219.1
Project("{FAE04EC0-301F-11D3-BF4B-00C04F79EFBC}") = "GitHubActions", "GitHubActions.csproj", "{FE6D0C51-A7CA-4BD6-A8B5-172D8550FA16}"
EndProject
Global
	GlobalSection(SolutionConfigurationPlatforms) = preSolution
		Debug|Any CPU = Debug|Any CPU
		Release|Any CPU = Release|Any CPU
	EndGlobalSection
	GlobalSection(ProjectConfigurationPlatforms) = postSolution
		{FE6D0C51-A7CA-4BD6-A8B5-172D8550FA16}.Debug|Any CPU.ActiveCfg = Debug|Any CPU
		{FE6D0C51-A7CA-4BD6-A8B5-172D8550FA16}.Debug|Any CPU.Build.0 = Debug|Any CPU
		{FE6D0C51-A7CA-4BD6-A8B5-172D8550FA16}.Release|Any CPU.ActiveCfg = Release|Any CPU
		{FE6D0C51-A7CA-4BD6-A8B5-172D8550FA16}.Release|Any CPU.Build.0 = Release|Any CPU
	EndGlobalSection
	GlobalSection(SolutionProperties) = preSolution
		HideSolutionNode = FALSE
	EndGlobalSection
	GlobalSection(ExtensibilityGlobals) = postSolution
		SolutionGuid = {8E4FEDAD-DA8A-42FC-899E-4F06C9278A96}
	EndGlobalSection
EndGlobal
